<?xml version="1.0" encoding="utf-8"?>
<Project ToolsVersion="4.0" xmlns="http://schemas.microsoft.com/developer/msbuild/2003">
  <ItemGroup>
    <Filter Include="ソース ファイル">
      <UniqueIdentifier>{4FC737F1-C7A5-4376-A066-2A32D752A2FF}</UniqueIdentifier>
      <Extensions>cpp;c;cc;cxx;def;odl;idl;hpj;bat;asm;asmx</Extensions>
    </Filter>
    <Filter Include="ヘッダー ファイル">
      <UniqueIdentifier>{93995380-89BD-4b04-88EB-625FBE52EBFB}</UniqueIdentifier>
      <Extensions>h;hh;hpp;hxx;hm;inl;inc;ipp;xsd</Extensions>
    </Filter>
    <Filter Include="リソース ファイル">
      <UniqueIdentifier>{67DA6AB6-F800-4c08-8B7A-83BB121AAD01}</UniqueIdentifier>
      <Extensions>rc;ico;cur;bmp;dlg;rc2;rct;bin;rgs;gif;jpg;jpeg;jpe;resx;tiff;tif;png;wav;mfcribbon-ms</Extensions>
    </Filter>
    <Filter Include="ソース ファイル\mode">
      <UniqueIdentifier>{d463b77c-cb52-4f6a-89cf-81c2e00fae2a}</UniqueIdentifier>
    </Filter>
    <Filter Include="ヘッダー ファイル\mode">
      <UniqueIdentifier>{34722ee1-2427-4a1b-ae6f-bd017adcb861}</UniqueIdentifier>
    </Filter>
    <Filter Include="ヘッダー ファイル\win_default">
      <UniqueIdentifier>{81e650e8-6395-4054-b1bf-350ddbcdc2a6}</UniqueIdentifier>
    </Filter>
    <Filter Include="ヘッダー ファイル\Function">
      <UniqueIdentifier>{489272cf-da78-446e-aafd-6935f1a12a6c}</UniqueIdentifier>
    </Filter>
    <Filter Include="ソース ファイル\Function">
      <UniqueIdentifier>{8de42304-fabc-485e-9933-05d54e7a7cdb}</UniqueIdentifier>
    </Filter>
  </ItemGroup>
  <ItemGroup>
    <ClInclude Include="framework.h">
      <Filter>ヘッダー ファイル\win_default</Filter>
    </ClInclude>
    <ClInclude Include="Resource.h">
      <Filter>ヘッダー ファイル\win_default</Filter>
    </ClInclude>
    <ClInclude Include="targetver.h">
      <Filter>ヘッダー ファイル\win_default</Filter>
    </ClInclude>
    <ClInclude Include="InputDevice.h">
      <Filter>ヘッダー ファイル</Filter>
    </ClInclude>
    <ClInclude Include="GameBase.h">
      <Filter>ヘッダー ファイル</Filter>
    </ClInclude>
    <ClInclude Include="InGame.h">
      <Filter>ヘッダー ファイル\mode</Filter>
    </ClInclude>
    <ClInclude Include="GameTitle.h">
      <Filter>ヘッダー ファイル\mode</Filter>
    </ClInclude>
    <ClInclude Include="Character.h">
      <Filter>ヘッダー ファイル\Function</Filter>
    </ClInclude>
    <ClInclude Include="Function.h">
      <Filter>ヘッダー ファイル\Function</Filter>
    </ClInclude>
    <ClInclude Include="MapData.h">
      <Filter>ヘッダー ファイル\Function</Filter>
    </ClInclude>
    <ClInclude Include="MapManager.h">
      <Filter>ヘッダー ファイル\Function</Filter>
    </ClInclude>
    <ClInclude Include="Sfx.h">
      <Filter>ヘッダー ファイル\Function</Filter>
    </ClInclude>
    <ClInclude Include="Release.h">
      <Filter>ヘッダー ファイル\mode</Filter>
    </ClInclude>
    <ClInclude Include="Score.h">
      <Filter>ヘッダー ファイル\Function</Filter>
    </ClInclude>
    <ClInclude Include="mode.h">
      <Filter>ヘッダー ファイル</Filter>
    </ClInclude>
  </ItemGroup>
  <ItemGroup>
    <ClCompile Include="GameBase.cpp">
      <Filter>ソース ファイル</Filter>
    </ClCompile>
    <ClCompile Include="InputDevice.cpp">
      <Filter>ソース ファイル</Filter>
    </ClCompile>
    <ClCompile Include="InGame.cpp">
      <Filter>ソース ファイル\mode</Filter>
    </ClCompile>
    <ClCompile Include="GameTitle.cpp">
      <Filter>ソース ファイル\mode</Filter>
    </ClCompile>
    <ClCompile Include="Function.cpp">
      <Filter>ソース ファイル\Function</Filter>
    </ClCompile>
    <ClCompile Include="MapData.cpp">
      <Filter>ソース ファイル\Function</Filter>
    </ClCompile>
    <ClCompile Include="MapManager.cpp">
      <Filter>ソース ファイル\Function</Filter>
    </ClCompile>
    <ClCompile Include="Character.cpp">
      <Filter>ソース ファイル\Function</Filter>
    </ClCompile>
    <ClCompile Include="Sfx.cpp">
      <Filter>ソース ファイル\Function</Filter>
    </ClCompile>
    <ClCompile Include="Release.cpp">
      <Filter>ソース ファイル\mode</Filter>
    </ClCompile>
    <ClCompile Include="Score.cpp">
      <Filter>ソース ファイル\Function</Filter>
    </ClCompile>
    <ClCompile Include="mode.cpp">
      <Filter>ソース ファイル</Filter>
    </ClCompile>
  </ItemGroup>
  <ItemGroup>
    <ResourceCompile Include="GameBase.rc">
      <Filter>リソース ファイル</Filter>
    </ResourceCompile>
  </ItemGroup>
  <ItemGroup>
    <Image Include="small.ico">
      <Filter>リソース ファイル</Filter>
    </Image>
    <Image Include="GameBase.ico">
      <Filter>リソース ファイル</Filter>
    </Image>
  </ItemGroup>
  <ItemGroup>
    <None Include="packages.config" />
  </ItemGroup>
</Project>